{
  "name": "kolaybase-new",
  "lockfileVersion": 3,
  "requires": true,
  "packages": {
    "": {
      "dependencies": {
        "basefyio-js": "^2.0.0"
      }
    },
    "node_modules/basefyio-js": {
      "version": "2.0.0",
      "resolved": "https://registry.npmjs.org/basefyio-js/-/basefyio-js-2.0.0.tgz",
      "integrity": "sha512-cfdMbYP79OOb0y2OOzI/Qh7YSJKFFzNiEYr+Dm1UhW9wBsM3cCvGbd+99fmasuRwKy1LZs92GTL59+i55hc2nw==",
      "license": "MIT"
    }
  }
}
